
Microsoft Visual Studio Solution File, Format Version 12.00
# Visual Studio Version 16
VisualStudioVersion = 16.0.29920.165
MinimumVisualStudioVersion = 10.0.40219.1
Project("{9A19103F-16F7-4668-BE54-9A1E7A4F7556}") = "Project-Task-API", "Project-Task-API.csproj", "{98F829CE-CC4A-46E9-A84D-D9645B8C5407}"
EndProject
Global
	GlobalSection(SolutionConfigurationPlatforms) = preSolution
		Debug|Any CPU = Debug|Any CPU
		Release|Any CPU = Release|Any CPU
	EndGlobalSection
	GlobalSection(ProjectConfigurationPlatforms) = postSolution
		{98F829CE-CC4A-46E9-A84D-D9645B8C5407}.Debug|Any CPU.ActiveCfg = Debug|Any CPU
		{98F829CE-CC4A-46E9-A84D-D9645B8C5407}.Debug|Any CPU.Build.0 = Debug|Any CPU
		{98F829CE-CC4A-46E9-A84D-D9645B8C5407}.Release|Any CPU.ActiveCfg = Release|Any CPU
		{98F829CE-CC4A-46E9-A84D-D9645B8C5407}.Release|Any CPU.Build.0 = Release|Any CPU
	EndGlobalSection
	GlobalSection(SolutionProperties) = preSolution
		HideSolutionNode = FALSE
	EndGlobalSection
	GlobalSection(ExtensibilityGlobals) = postSolution
		SolutionGuid = {FAE47386-039F-4057-A0D1-474F8AB79093}
	EndGlobalSection
EndGlobal
